// !$*UTF8*$!
{
	archiveVersion = 1;
	classes = {
	};
	objectVersion = 46;
	objects = {

/* Begin PBXBuildFile section */
		A176386E1E4011B400EA848E /* AppDelegate.swift in Sources */ = {isa = PBXBuildFile; fileRef = A176386D1E4011B400EA848E /* AppDelegate.swift */; };
		A17638701E4011B400EA848E /* ViewController.swift in Sources */ = {isa = PBXBuildFile; fileRef = A176386F1E4011B400EA848E /* ViewController.swift */; };
		A17638731E4011B400EA848E /* Main.storyboard in Resources */ = {isa = PBXBuildFile; fileRef = A17638711E4011B400EA848E /* Main.storyboard */; };
		A17638751E4011B400EA848E /* Assets.xcassets in Resources */ = {isa = PBXBuildFile; fileRef = A17638741E4011B400EA848E /* Assets.xcassets */; };
		A17638781E4011B400EA848E /* LaunchScreen.storyboard in Resources */ = {isa = PBXBuildFile; fileRef = A17638761E4011B400EA848E /* LaunchScreen.storyboard */; };
/* End PBXBuildFile section */

/* Begin PBXFileReference section */
		A176386A1E4011B400EA848E /* TwitterCP.app */ = {isa = PBXFileReference; explicitFileType = wrapper.application; includeInIndex = 0; path = TwitterCP.app; sourceTree = BUILT_PRODUCTS_DIR; };
		A176386D1E4011B400EA848E /* AppDelegate.swift */ = {isa = PBXFileReference; lastKnownFileType = sourcecode.swift; path = AppDelegate.swift; sourceTree = "<group>"; };
		A176386F1E4011B400EA848E /* ViewController.swift */ = {isa = PBXFileReference; lastKnownFileType = sourcecode.swift; path = ViewController.swift; sourceTree = "<group>"; };
		A17638721E4011B400EA848E /* Base */ = {isa = PBXFileReference; lastKnownFileType = file.storyboard; name = Base; path = Base.lproj/Main.storyboard; sourceTree = "<group>"; };
		A17638741E4011B400EA848E /* Assets.xcassets */ = {isa = PBXFileReference; lastKnownFileType = folder.assetcatalog; path = Assets.xcassets; sourceTree = "<group>"; };
		A17638771E4011B400EA848E /* Base */ = {isa = PBXFileReference; lastKnownFileType = file.storyboard; name = Base; path = Base.lproj/LaunchScreen.storyboard; sourceTree = "<group>"; };
		A17638791E4011B400EA848E /* Info.plist */ = {isa = PBXFileReference; lastKnownFileType = text.plist.xml; path = Info.plist; sourceTree = "<group>"; };
/* End PBXFileReference section */

/* Begin PBXFrameworksBuildPhase section */
		A17638671E4011B400EA848E /* Frameworks */ = {
			isa = PBXFrameworksBuildPhase;
			buildActionMask = 2147483647;
			files = (
			);
			runOnlyForDeploymentPostprocessing = 0;
		};
/* End PBXFrameworksBuildPhase section */

/* Begin PBXGroup section */
		A17638611E4011B400EA848E = {
			isa = PBXGroup;
			children = (
				A176386C1E4011B400EA848E /* TwitterCP */,
				A176386B1E4011B400EA848E /* Products */,
			);
			sourceTree = "<group>";
		};
		A176386B1E4011B400EA848E /* Products */ = {
			isa = PBXGroup;
			children = (
				A176386A1E4011B400EA848E /* TwitterCP.app */,
			);
			name = Products;
			sourceTree = "<group>";
		};
		A176386C1E4011B400EA848E /* TwitterCP */ = {
			isa = PBXGroup;
			children = (
				A176386D1E4011B400EA848E /* AppDelegate.swift */,
				A176386F1E4011B400EA848E /* ViewController.swift */,
				A17638711E4011B400EA848E /* Main.storyboard */,
				A17638741E4011B400EA848E /* Assets.xcassets */,
				A17638761E4011B400EA848E /* LaunchScreen.storyboard */,
				A17638791E4011B400EA848E /* Info.plist */,
			);
			path = TwitterCP;
			sourceTree = "<group>";
		};
/* End PBXGroup section */

/* Begin PBXNativeTarget section */
		A17638691E4011B400EA848E /* TwitterCP */ = {
			isa = PBXNativeTarget;
			buildConfigurationList = A176387C1E4011B400EA848E /* Build configuration list for PBXNativeTarget "TwitterCP" */;
			buildPhases = (
				A17638661E4011B400EA848E /* Sources */,
				A17638671E4011B400EA848E /* Frameworks */,
				A17638681E4011B400EA848E /* Resources */,
			);
			buildRules = (
			);
			dependencies = (
			);
			name = TwitterCP;
			productName = TwitterCP;
			productReference = A176386A1E4011B400EA848E /* TwitterCP.app */;
			productType = "com.apple.product-type.application";
		};
/* End PBXNativeTarget section */

/* Begin PBXProject section */
		A17638621E4011B400EA848E /* Project object */ = {
			isa = PBXProject;
			attributes = {
				LastSwiftUpdateCheck = 0820;
				LastUpgradeCheck = 0820;
				ORGANIZATIONNAME = "Eric Suarez";
				TargetAttributes = {
					A17638691E4011B400EA848E = {
						CreatedOnToolsVersion = 8.2.1;
						DevelopmentTeam = TRQ9HDB883;
						ProvisioningStyle = Automatic;
					};
				};
			};
			buildConfigurationList = A17638651E4011B400EA848E /* Build configuration list for PBXProject "TwitterCP" */;
			compatibilityVersion = "Xcode 3.2";
			developmentRegion = English;
			hasScannedForEncodings = 0;
			knownRegions = (
				en,
				Base,
			);
			mainGroup = A17638611E4011B400EA848E;
			productRefGroup = A176386B1E4011B400EA848E /* Products */;
			projectDirPath = "";
			projectRoot = "";
			targets = (
				A17638691E4011B400EA848E /* TwitterCP */,
			);
		};
/* End PBXProject section */

/* Begin PBXResourcesBuildPhase section */
		A17638681E4011B400EA848E /* Resources */ = {
			isa = PBXResourcesBuildPhase;
			buildActionMask = 2147483647;
			files = (
				A17638781E4011B400EA848E /* LaunchScreen.storyboard in Resources */,
				A17638751E4011B400EA848E /* Assets.xcassets in Resources */,
				A17638731E4011B400EA848E /* Main.storyboard in Resources */,
			);
			runOnlyForDeploymentPostprocessing = 0;
		};
/* End PBXResourcesBuildPhase section */

/* Begin PBXSourcesBuildPhase section */
		A17638661E4011B400EA848E /* Sources */ = {
			isa = PBXSourcesBuildPhase;
			buildActionMask = 2147483647;
			files = (
				A17638701E4011B400EA848E /* ViewController.swift in Sources */,
				A176386E1E4011B400EA848E /* AppDelegate.swift in Sources */,
			);
			runOnlyForDeploymentPostprocessing = 0;
		};
/* End PBXSourcesBuildPhase section */

/* Begin PBXVariantGroup section */
		A17638711E4011B400EA848E /* Main.storyboard */ = {
			isa = PBXVariantGroup;
			children = (
				A17638721E4011B400EA848E /* Base */,
			);
			name = Main.storyboard;
			sourceTree = "<group>";
		};
		A17638761E4011B400EA848E /* LaunchScreen.storyboard */ = {
			isa = PBXVariantGroup;
			children = (
				A17638771E4011B400EA848E /* Base */,
			);
			name = LaunchScreen.storyboard;
			sourceTree = "<group>";
		};
/* End PBXVariantGroup section */

/* Begin XCBuildConfiguration section */
		A176387A1E4011B400EA848E /* Debug */ = {
			isa = XCBuildConfiguration;
			buildSettings = {
				ALWAYS_SEARCH_USER_PATHS = NO;
				CLANG_ANALYZER_NONNULL = YES;
				CLANG_CXX_LANGUAGE_STANDARD = "gnu++0x";
				CLANG_CXX_LIBRARY = "libc++";
				CLANG_ENABLE_MODULES = YES;
				CLANG_ENABLE_OBJC_ARC = YES;
				CLANG_WARN_BOOL_CONVERSION = YES;
				CLANG_WARN_CONSTANT_CONVERSION = YES;
				CLANG_WARN_DIRECT_OBJC_ISA_USAGE = YES_ERROR;
				CLANG_WARN_DOCUMENTATION_COMMENTS = YES;
				CLANG_WARN_EMPTY_BODY = YES;
				CLANG_WARN_ENUM_CONVERSION = YES;
				CLANG_WARN_INFINITE_RECURSION = YES;
				CLANG_WARN_INT_CONVERSION = YES;
				CLANG_WARN_OBJC_ROOT_CLASS = YES_ERROR;
				CLANG_WARN_SUSPICIOUS_MOVE = YES;
				CLANG_WARN_UNREACHABLE_CODE = YES;
				CLANG_WARN__DUPLICATE_METHOD_MATCH = YES;
				"CODE_SIGN_IDENTITY[sdk=iphoneos*]" = "iPhone Developer";
				COPY_PHASE_STRIP = NO;
				DEBUG_INFORMATION_FORMAT = dwarf;
				ENABLE_STRICT_OBJC_MSGSEND = YES;
				ENABLE_TESTABILITY = YES;
				GCC_C_LANGUAGE_STANDARD = gnu99;
				GCC_DYNAMIC_NO_PIC = NO;
				GCC_NO_COMMON_BLOCKS = YES;
				GCC_OPTIMIZATION_LEVEL = 0;
				GCC_PREPROCESSOR_DEFINITIONS = (
					"DEBUG=1",
					"$(inherited)",
				);
				GCC_WARN_64_TO_32_BIT_CONVERSION = YES;
				GCC_WARN_ABOUT_RETURN_TYPE = YES_ERROR;
				GCC_WARN_UNDECLARED_SELECTOR = YES;
				GCC_WARN_UNINITIALIZED_AUTOS = YES_AGGRESSIVE;
				GCC_WARN_UNUSED_FUNCTION = YES;
				GCC_WARN_UNUSED_VARIABLE = YES;
				IPHONEOS_DEPLOYMENT_TARGET = 10.2;
				MTL_ENABLE_DEBUG_INFO = YES;
				ONLY_ACTIVE_ARCH = YES;
				SDKROOT = iphoneos;
				SWIFT_ACTIVE_COMPILATION_CONDITIONS = DEBUG;
				SWIFT_OPTIMIZATION_LEVEL = "-Onone";
			};
			name = Debug;
		};
		A176387B1E4011B400EA848E /* Release */ = {
			isa = XCBuildConfiguration;
			buildSettings = {
				ALWAYS_SEARCH_USER_PATHS = NO;
				CLANG_ANALYZER_NONNULL = YES;
				CLANG_CXX_LANGUAGE_STANDARD = "gnu++0x";
				CLANG_CXX_LIBRARY = "libc++";
				CLANG_ENABLE_MODULES = YES;
				CLANG_ENABLE_OBJC_ARC = YES;
				CLANG_WARN_BOOL_CONVERSION = YES;
				CLANG_WARN_CONSTANT_CONVERSION = YES;
				CLANG_WARN_DIRECT_OBJC_ISA_USAGE = YES_ERROR;
				CLANG_WARN_DOCUMENTATION_COMMENTS = YES;
				CLANG_WARN_EMPTY_BODY = YES;
				CLANG_WARN_ENUM_CONVERSION = YES;
				CLANG_WARN_INFINITE_RECURSION = YES;
				CLANG_WARN_INT_CONVERSION = YES;
				CLANG_WARN_OBJC_ROOT_CLASS = YES_ERROR;
				CLANG_WARN_SUSPICIOUS_MOVE = YES;
				CLANG_WARN_UNREACHABLE_CODE = YES;
				CLANG_WARN__DUPLICATE_METHOD_MATCH = YES;
				"CODE_SIGN_IDENTITY[sdk=iphoneos*]" = "iPhone Developer";
				COPY_PHASE_STRIP = NO;
				DEBUG_INFORMATION_FORMAT = "dwarf-with-dsym";
				ENABLE_NS_ASSERTIONS = NO;
				ENABLE_STRICT_OBJC_MSGSEND = YES;
				GCC_C_LANGUAGE_STANDARD = gnu99;
				GCC_NO_COMMON_BLOCKS = YES;
				GCC_WARN_64_TO_32_BIT_CONVERSION = YES;
				GCC_WARN_ABOUT_RETURN_TYPE = YES_ERROR;
				GCC_WARN_UNDECLARED_SELECTOR = YES;
				GCC_WARN_UNINITIALIZED_AUTOS = YES_AGGRESSIVE;
				GCC_WARN_UNUSED_FUNCTION = YES;
				GCC_WARN_UNUSED_VARIABLE = YES;
				IPHONEOS_DEPLOYMENT_TARGET = 10.2;
				MTL_ENABLE_DEBUG_INFO = NO;
				SDKROOT = iphoneos;
				SWIFT_OPTIMIZATION_LEVEL = "-Owholemodule";
				VALIDATE_PRODUCT = YES;
			};
			name = Release;
		};
		A176387D1E4011B400EA848E /* Debug */ = {
			isa = XCBuildConfiguration;
			buildSettings = {
				ASSETCATALOG_COMPILER_APPICON_NAME = AppIcon;
				DEVELOPMENT_TEAM = TRQ9HDB883;
				INFOPLIST_FILE = TwitterCP/Info.plist;
				LD_RUNPATH_SEARCH_PATHS = "$(inherited) @executable_path/Frameworks";
				PRODUCT_BUNDLE_IDENTIFIER = com.eric.TwitterCP;
				PRODUCT_NAME = "$(TARGET_NAME)";
				SWIFT_VERSION = 3.0;
			};
			name = Debug;
		};
		A176387E1E4011B400EA848E /* Release */ = {
			isa = XCBuildConfiguration;
			buildSettings = {
				ASSETCATALOG_COMPILER_APPICON_NAME = AppIcon;
				DEVELOPMENT_TEAM = TRQ9HDB883;
				INFOPLIST_FILE = TwitterCP/Info.plist;
				LD_RUNPATH_SEARCH_PATHS = "$(inherited) @executable_path/Frameworks";
				PRODUCT_BUNDLE_IDENTIFIER = com.eric.TwitterCP;
				PRODUCT_NAME = "$(TARGET_NAME)";
				SWIFT_VERSION = 3.0;
			};
			name = Release;
		};
/* End XCBuildConfiguration section */

/* Begin XCConfigurationList section */
		A17638651E4011B400EA848E /* Build configuration list for PBXProject "TwitterCP" */ = {
			isa = XCConfigurationList;
			buildConfigurations = (
				A176387A1E4011B400EA848E /* Debug */,
				A176387B1E4011B400EA848E /* Release */,
			);
			defaultConfigurationIsVisible = 0;
			defaultConfigurationName = Release;
		};
		A176387C1E4011B400EA848E /* Build configuration list for PBXNativeTarget "TwitterCP" */ = {
			isa = XCConfigurationList;
			buildConfigurations = (
				A176387D1E4011B400EA848E /* Debug */,
				A176387E1E4011B400EA848E /* Release */,
			);
			defaultConfigurationIsVisible = 0;
		};
/* End XCConfigurationList section */
	};
	rootObject = A17638621E4011B400EA848E /* Project object */;
}
